
Microsoft Visual Studio Solution File, Format Version 12.00
# Visual Studio Version 17
VisualStudioVersion = 17.8.34525.116
MinimumVisualStudioVersion = 10.0.40219.1
Project("{FAE04EC0-301F-11D3-BF4B-00C04F79EFBC}") = "XueBug", "XueBug.csproj", "{FBDC4B7A-3521-42A9-B765-F167261B0822}"
EndProject
Global
	GlobalSection(SolutionConfigurationPlatforms) = preSolution
		Debug|Any CPU = Debug|Any CPU
		Release|Any CPU = Release|Any CPU
	EndGlobalSection
	GlobalSection(ProjectConfigurationPlatforms) = postSolution
		{FBDC4B7A-3521-42A9-B765-F167261B0822}.Debug|Any CPU.ActiveCfg = Debug|Any CPU
		{FBDC4B7A-3521-42A9-B765-F167261B0822}.Debug|Any CPU.Build.0 = Debug|Any CPU
		{FBDC4B7A-3521-42A9-B765-F167261B0822}.Release|Any CPU.ActiveCfg = Release|Any CPU
		{FBDC4B7A-3521-42A9-B765-F167261B0822}.Release|Any CPU.Build.0 = Release|Any CPU
	EndGlobalSection
	GlobalSection(SolutionProperties) = preSolution
		HideSolutionNode = FALSE
	EndGlobalSection
	GlobalSection(ExtensibilityGlobals) = postSolution
		SolutionGuid = {5904159F-FB5F-4605-A579-904E28E5BD60}
	EndGlobalSection
EndGlobal
